
Microsoft Visual Studio Solution File, Format Version 12.00
# Visual Studio Version 17
VisualStudioVersion = 17.5.33414.496
MinimumVisualStudioVersion = 10.0.40219.1
Project("{FAE04EC0-301F-11D3-BF4B-00C04F79EFBC}") = "WeatherArchive", "WeatherArchive\WeatherArchive.csproj", "{1E344A0A-4716-4EC0-BC6C-E7BAF6EC9814}"
EndProject
Project("{FAE04EC0-301F-11D3-BF4B-00C04F79EFBC}") = "WeatherArchive.Domain", "WeatherArchive.Domain\WeatherArchive.Domain.csproj", "{1FD90B1B-E7E5-4317-A2F9-28C668E05EED}"
EndProject
Global
	GlobalSection(SolutionConfigurationPlatforms) = preSolution
		Debug|Any CPU = Debug|Any CPU
		Release|Any CPU = Release|Any CPU
	EndGlobalSection
	GlobalSection(ProjectConfigurationPlatforms) = postSolution
		{1E344A0A-4716-4EC0-BC6C-E7BAF6EC9814}.Debug|Any CPU.ActiveCfg = Debug|Any CPU
		{1E344A0A-4716-4EC0-BC6C-E7BAF6EC9814}.Debug|Any CPU.Build.0 = Debug|Any CPU
		{1E344A0A-4716-4EC0-BC6C-E7BAF6EC9814}.Release|Any CPU.ActiveCfg = Release|Any CPU
		{1E344A0A-4716-4EC0-BC6C-E7BAF6EC9814}.Release|Any CPU.Build.0 = Release|Any CPU
		{1FD90B1B-E7E5-4317-A2F9-28C668E05EED}.Debug|Any CPU.ActiveCfg = Debug|Any CPU
		{1FD90B1B-E7E5-4317-A2F9-28C668E05EED}.Debug|Any CPU.Build.0 = Debug|Any CPU
		{1FD90B1B-E7E5-4317-A2F9-28C668E05EED}.Release|Any CPU.ActiveCfg = Release|Any CPU
		{1FD90B1B-E7E5-4317-A2F9-28C668E05EED}.Release|Any CPU.Build.0 = Release|Any CPU
	EndGlobalSection
	GlobalSection(SolutionProperties) = preSolution
		HideSolutionNode = FALSE
	EndGlobalSection
	GlobalSection(ExtensibilityGlobals) = postSolution
		SolutionGuid = {A09DE1D4-49A7-45DB-8A41-F18B50028B31}
	EndGlobalSection
EndGlobal
